// !$*UTF8*$!
{
	archiveVersion = 1;
	classes = {
	};
	objectVersion = 50;
	objects = {

/* Begin PBXBuildFile section */
		575373FA26416BA200FFAAEF /* main.swift in Sources */ = {isa = PBXBuildFile; fileRef = 575373F926416BA200FFAAEF /* main.swift */; };
		5753740126416BB900FFAAEF /* Character.swift in Sources */ = {isa = PBXBuildFile; fileRef = 5753740026416BB900FFAAEF /* Character.swift */; };
		5753740326416BC500FFAAEF /* Knight.swift in Sources */ = {isa = PBXBuildFile; fileRef = 5753740226416BC500FFAAEF /* Knight.swift */; };
		5753740526416BD000FFAAEF /* Archer.swift in Sources */ = {isa = PBXBuildFile; fileRef = 5753740426416BD000FFAAEF /* Archer.swift */; };
		5753740726416BDA00FFAAEF /* Wizard.swift in Sources */ = {isa = PBXBuildFile; fileRef = 5753740626416BDA00FFAAEF /* Wizard.swift */; };
		5753740926416BF200FFAAEF /* Ninja.swift in Sources */ = {isa = PBXBuildFile; fileRef = 5753740826416BF200FFAAEF /* Ninja.swift */; };
		5753740B26416BFB00FFAAEF /* Skeleton.swift in Sources */ = {isa = PBXBuildFile; fileRef = 5753740A26416BFB00FFAAEF /* Skeleton.swift */; };
		5753740D26416C2E00FFAAEF /* Dragon.swift in Sources */ = {isa = PBXBuildFile; fileRef = 5753740C26416C2E00FFAAEF /* Dragon.swift */; };
		5753740F26416C5D00FFAAEF /* Weapon.swift in Sources */ = {isa = PBXBuildFile; fileRef = 5753740E26416C5D00FFAAEF /* Weapon.swift */; };
		5753741126416C7800FFAAEF /* Player.swift in Sources */ = {isa = PBXBuildFile; fileRef = 5753741026416C7800FFAAEF /* Player.swift */; };
		5753741526416E7600FFAAEF /* Game.swift in Sources */ = {isa = PBXBuildFile; fileRef = 5753741426416E7600FFAAEF /* Game.swift */; };
		5753741826431DBD00FFAAEF /* CharacterType.swift in Sources */ = {isa = PBXBuildFile; fileRef = 5753741726431DBD00FFAAEF /* CharacterType.swift */; };
		5753741A2643226000FFAAEF /* GameExtension.swift in Sources */ = {isa = PBXBuildFile; fileRef = 575374192643226000FFAAEF /* GameExtension.swift */; };
		5753741C2643237D00FFAAEF /* StatusType.swift in Sources */ = {isa = PBXBuildFile; fileRef = 5753741B2643237D00FFAAEF /* StatusType.swift */; };
		5753741E2643249B00FFAAEF /* ActionType.swift in Sources */ = {isa = PBXBuildFile; fileRef = 5753741D2643249B00FFAAEF /* ActionType.swift */; };
/* End PBXBuildFile section */

/* Begin PBXCopyFilesBuildPhase section */
		575373F426416BA200FFAAEF /* CopyFiles */ = {
			isa = PBXCopyFilesBuildPhase;
			buildActionMask = 2147483647;
			dstPath = /usr/share/man/man1/;
			dstSubfolderSpec = 0;
			files = (
			);
			runOnlyForDeploymentPostprocessing = 1;
		};
/* End PBXCopyFilesBuildPhase section */

/* Begin PBXFileReference section */
		575373F626416BA200FFAAEF /* P3POO */ = {isa = PBXFileReference; explicitFileType = "compiled.mach-o.executable"; includeInIndex = 0; path = P3POO; sourceTree = BUILT_PRODUCTS_DIR; };
		575373F926416BA200FFAAEF /* main.swift */ = {isa = PBXFileReference; lastKnownFileType = sourcecode.swift; path = main.swift; sourceTree = "<group>"; };
		5753740026416BB900FFAAEF /* Character.swift */ = {isa = PBXFileReference; lastKnownFileType = sourcecode.swift; path = Character.swift; sourceTree = "<group>"; };
		5753740226416BC500FFAAEF /* Knight.swift */ = {isa = PBXFileReference; lastKnownFileType = sourcecode.swift; path = Knight.swift; sourceTree = "<group>"; };
		5753740426416BD000FFAAEF /* Archer.swift */ = {isa = PBXFileReference; lastKnownFileType = sourcecode.swift; path = Archer.swift; sourceTree = "<group>"; };
		5753740626416BDA00FFAAEF /* Wizard.swift */ = {isa = PBXFileReference; lastKnownFileType = sourcecode.swift; path = Wizard.swift; sourceTree = "<group>"; };
		5753740826416BF200FFAAEF /* Ninja.swift */ = {isa = PBXFileReference; lastKnownFileType = sourcecode.swift; path = Ninja.swift; sourceTree = "<group>"; };
		5753740A26416BFB00FFAAEF /* Skeleton.swift */ = {isa = PBXFileReference; lastKnownFileType = sourcecode.swift; path = Skeleton.swift; sourceTree = "<group>"; };
		5753740C26416C2E00FFAAEF /* Dragon.swift */ = {isa = PBXFileReference; lastKnownFileType = sourcecode.swift; path = Dragon.swift; sourceTree = "<group>"; };
		5753740E26416C5D00FFAAEF /* Weapon.swift */ = {isa = PBXFileReference; lastKnownFileType = sourcecode.swift; path = Weapon.swift; sourceTree = "<group>"; };
		5753741026416C7800FFAAEF /* Player.swift */ = {isa = PBXFileReference; lastKnownFileType = sourcecode.swift; path = Player.swift; sourceTree = "<group>"; };
		5753741426416E7600FFAAEF /* Game.swift */ = {isa = PBXFileReference; lastKnownFileType = sourcecode.swift; path = Game.swift; sourceTree = "<group>"; };
		5753741726431DBD00FFAAEF /* CharacterType.swift */ = {isa = PBXFileReference; lastKnownFileType = sourcecode.swift; path = CharacterType.swift; sourceTree = "<group>"; };
		575374192643226000FFAAEF /* GameExtension.swift */ = {isa = PBXFileReference; lastKnownFileType = sourcecode.swift; path = GameExtension.swift; sourceTree = "<group>"; };
		5753741B2643237D00FFAAEF /* StatusType.swift */ = {isa = PBXFileReference; lastKnownFileType = sourcecode.swift; path = StatusType.swift; sourceTree = "<group>"; };
		5753741D2643249B00FFAAEF /* ActionType.swift */ = {isa = PBXFileReference; lastKnownFileType = sourcecode.swift; path = ActionType.swift; sourceTree = "<group>"; };
/* End PBXFileReference section */

/* Begin PBXFrameworksBuildPhase section */
		575373F326416BA200FFAAEF /* Frameworks */ = {
			isa = PBXFrameworksBuildPhase;
			buildActionMask = 2147483647;
			files = (
			);
			runOnlyForDeploymentPostprocessing = 0;
		};
/* End PBXFrameworksBuildPhase section */

/* Begin PBXGroup section */
		575373ED26416BA200FFAAEF = {
			isa = PBXGroup;
			children = (
				575373F826416BA200FFAAEF /* P3POO */,
				575373F726416BA200FFAAEF /* Products */,
			);
			sourceTree = "<group>";
		};
		575373F726416BA200FFAAEF /* Products */ = {
			isa = PBXGroup;
			children = (
				575373F626416BA200FFAAEF /* P3POO */,
			);
			name = Products;
			sourceTree = "<group>";
		};
		575373F826416BA200FFAAEF /* P3POO */ = {
			isa = PBXGroup;
			children = (
				575373F926416BA200FFAAEF /* main.swift */,
				5753741726431DBD00FFAAEF /* CharacterType.swift */,
				5753740026416BB900FFAAEF /* Character.swift */,
				5753740E26416C5D00FFAAEF /* Weapon.swift */,
				5753741626417B7F00FFAAEF /* CharactersType */,
				5753741026416C7800FFAAEF /* Player.swift */,
				5753741426416E7600FFAAEF /* Game.swift */,
				575374192643226000FFAAEF /* GameExtension.swift */,
				5753741B2643237D00FFAAEF /* StatusType.swift */,
				5753741D2643249B00FFAAEF /* ActionType.swift */,
			);
			path = P3POO;
			sourceTree = "<group>";
		};
		5753741626417B7F00FFAAEF /* CharactersType */ = {
			isa = PBXGroup;
			children = (
				5753740226416BC500FFAAEF /* Knight.swift */,
				5753740426416BD000FFAAEF /* Archer.swift */,
				5753740626416BDA00FFAAEF /* Wizard.swift */,
				5753740C26416C2E00FFAAEF /* Dragon.swift */,
				5753740826416BF200FFAAEF /* Ninja.swift */,
				5753740A26416BFB00FFAAEF /* Skeleton.swift */,
			);
			path = CharactersType;
			sourceTree = "<group>";
		};
/* End PBXGroup section */

/* Begin PBXNativeTarget section */
		575373F526416BA200FFAAEF /* P3POO */ = {
			isa = PBXNativeTarget;
			buildConfigurationList = 575373FD26416BA200FFAAEF /* Build configuration list for PBXNativeTarget "P3POO" */;
			buildPhases = (
				575373F226416BA200FFAAEF /* Sources */,
				575373F326416BA200FFAAEF /* Frameworks */,
				575373F426416BA200FFAAEF /* CopyFiles */,
			);
			buildRules = (
			);
			dependencies = (
			);
			name = P3POO;
			productName = P3POO;
			productReference = 575373F626416BA200FFAAEF /* P3POO */;
			productType = "com.apple.product-type.tool";
		};
/* End PBXNativeTarget section */

/* Begin PBXProject section */
		575373EE26416BA200FFAAEF /* Project object */ = {
			isa = PBXProject;
			attributes = {
				LastSwiftUpdateCheck = 1250;
				LastUpgradeCheck = 1250;
				TargetAttributes = {
					575373F526416BA200FFAAEF = {
						CreatedOnToolsVersion = 12.5;
					};
				};
			};
			buildConfigurationList = 575373F126416BA200FFAAEF /* Build configuration list for PBXProject "P3POO" */;
			compatibilityVersion = "Xcode 9.3";
			developmentRegion = en;
			hasScannedForEncodings = 0;
			knownRegions = (
				en,
				Base,
			);
			mainGroup = 575373ED26416BA200FFAAEF;
			productRefGroup = 575373F726416BA200FFAAEF /* Products */;
			projectDirPath = "";
			projectRoot = "";
			targets = (
				575373F526416BA200FFAAEF /* P3POO */,
			);
		};
/* End PBXProject section */

/* Begin PBXSourcesBuildPhase section */
		575373F226416BA200FFAAEF /* Sources */ = {
			isa = PBXSourcesBuildPhase;
			buildActionMask = 2147483647;
			files = (
				5753741A2643226000FFAAEF /* GameExtension.swift in Sources */,
				5753740926416BF200FFAAEF /* Ninja.swift in Sources */,
				5753740B26416BFB00FFAAEF /* Skeleton.swift in Sources */,
				5753740D26416C2E00FFAAEF /* Dragon.swift in Sources */,
				5753740526416BD000FFAAEF /* Archer.swift in Sources */,
				575373FA26416BA200FFAAEF /* main.swift in Sources */,
				5753741826431DBD00FFAAEF /* CharacterType.swift in Sources */,
				5753741E2643249B00FFAAEF /* ActionType.swift in Sources */,
				5753740326416BC500FFAAEF /* Knight.swift in Sources */,
				5753741126416C7800FFAAEF /* Player.swift in Sources */,
				5753741526416E7600FFAAEF /* Game.swift in Sources */,
				5753740726416BDA00FFAAEF /* Wizard.swift in Sources */,
				5753740126416BB900FFAAEF /* Character.swift in Sources */,
				5753740F26416C5D00FFAAEF /* Weapon.swift in Sources */,
				5753741C2643237D00FFAAEF /* StatusType.swift in Sources */,
			);
			runOnlyForDeploymentPostprocessing = 0;
		};
/* End PBXSourcesBuildPhase section */

/* Begin XCBuildConfiguration section */
		575373FB26416BA200FFAAEF /* Debug */ = {
			isa = XCBuildConfiguration;
			buildSettings = {
				ALWAYS_SEARCH_USER_PATHS = NO;
				CLANG_ANALYZER_NONNULL = YES;
				CLANG_ANALYZER_NUMBER_OBJECT_CONVERSION = YES_AGGRESSIVE;
				CLANG_CXX_LANGUAGE_STANDARD = "gnu++14";
				CLANG_CXX_LIBRARY = "libc++";
				CLANG_ENABLE_MODULES = YES;
				CLANG_ENABLE_OBJC_ARC = YES;
				CLANG_ENABLE_OBJC_WEAK = YES;
				CLANG_WARN_BLOCK_CAPTURE_AUTORELEASING = YES;
				CLANG_WARN_BOOL_CONVERSION = YES;
				CLANG_WARN_COMMA = YES;
				CLANG_WARN_CONSTANT_CONVERSION = YES;
				CLANG_WARN_DEPRECATED_OBJC_IMPLEMENTATIONS = YES;
				CLANG_WARN_DIRECT_OBJC_ISA_USAGE = YES_ERROR;
				CLANG_WARN_DOCUMENTATION_COMMENTS = YES;
				CLANG_WARN_EMPTY_BODY = YES;
				CLANG_WARN_ENUM_CONVERSION = YES;
				CLANG_WARN_INFINITE_RECURSION = YES;
				CLANG_WARN_INT_CONVERSION = YES;
				CLANG_WARN_NON_LITERAL_NULL_CONVERSION = YES;
				CLANG_WARN_OBJC_IMPLICIT_RETAIN_SELF = YES;
				CLANG_WARN_OBJC_LITERAL_CONVERSION = YES;
				CLANG_WARN_OBJC_ROOT_CLASS = YES_ERROR;
				CLANG_WARN_QUOTED_INCLUDE_IN_FRAMEWORK_HEADER = YES;
				CLANG_WARN_RANGE_LOOP_ANALYSIS = YES;
				CLANG_WARN_STRICT_PROTOTYPES = YES;
				CLANG_WARN_SUSPICIOUS_MOVE = YES;
				CLANG_WARN_UNGUARDED_AVAILABILITY = YES_AGGRESSIVE;
				CLANG_WARN_UNREACHABLE_CODE = YES;
				CLANG_WARN__DUPLICATE_METHOD_MATCH = YES;
				COPY_PHASE_STRIP = NO;
				DEBUG_INFORMATION_FORMAT = dwarf;
				ENABLE_STRICT_OBJC_MSGSEND = YES;
				ENABLE_TESTABILITY = YES;
				GCC_C_LANGUAGE_STANDARD = gnu11;
				GCC_DYNAMIC_NO_PIC = NO;
				GCC_NO_COMMON_BLOCKS = YES;
				GCC_OPTIMIZATION_LEVEL = 0;
				GCC_PREPROCESSOR_DEFINITIONS = (
					"DEBUG=1",
					"$(inherited)",
				);
				GCC_WARN_64_TO_32_BIT_CONVERSION = YES;
				GCC_WARN_ABOUT_RETURN_TYPE = YES_ERROR;
				GCC_WARN_UNDECLARED_SELECTOR = YES;
				GCC_WARN_UNINITIALIZED_AUTOS = YES_AGGRESSIVE;
				GCC_WARN_UNUSED_FUNCTION = YES;
				GCC_WARN_UNUSED_VARIABLE = YES;
				MACOSX_DEPLOYMENT_TARGET = 11.3;
				MTL_ENABLE_DEBUG_INFO = INCLUDE_SOURCE;
				MTL_FAST_MATH = YES;
				ONLY_ACTIVE_ARCH = YES;
				SDKROOT = macosx;
				SWIFT_ACTIVE_COMPILATION_CONDITIONS = DEBUG;
				SWIFT_OPTIMIZATION_LEVEL = "-Onone";
			};
			name = Debug;
		};
		575373FC26416BA200FFAAEF /* Release */ = {
			isa = XCBuildConfiguration;
			buildSettings = {
				ALWAYS_SEARCH_USER_PATHS = NO;
				CLANG_ANALYZER_NONNULL = YES;
				CLANG_ANALYZER_NUMBER_OBJECT_CONVERSION = YES_AGGRESSIVE;
				CLANG_CXX_LANGUAGE_STANDARD = "gnu++14";
				CLANG_CXX_LIBRARY = "libc++";
				CLANG_ENABLE_MODULES = YES;
				CLANG_ENABLE_OBJC_ARC = YES;
				CLANG_ENABLE_OBJC_WEAK = YES;
				CLANG_WARN_BLOCK_CAPTURE_AUTORELEASING = YES;
				CLANG_WARN_BOOL_CONVERSION = YES;
				CLANG_WARN_COMMA = YES;
				CLANG_WARN_CONSTANT_CONVERSION = YES;
				CLANG_WARN_DEPRECATED_OBJC_IMPLEMENTATIONS = YES;
				CLANG_WARN_DIRECT_OBJC_ISA_USAGE = YES_ERROR;
				CLANG_WARN_DOCUMENTATION_COMMENTS = YES;
				CLANG_WARN_EMPTY_BODY = YES;
				CLANG_WARN_ENUM_CONVERSION = YES;
				CLANG_WARN_INFINITE_RECURSION = YES;
				CLANG_WARN_INT_CONVERSION = YES;
				CLANG_WARN_NON_LITERAL_NULL_CONVERSION = YES;
				CLANG_WARN_OBJC_IMPLICIT_RETAIN_SELF = YES;
				CLANG_WARN_OBJC_LITERAL_CONVERSION = YES;
				CLANG_WARN_OBJC_ROOT_CLASS = YES_ERROR;
				CLANG_WARN_QUOTED_INCLUDE_IN_FRAMEWORK_HEADER = YES;
				CLANG_WARN_RANGE_LOOP_ANALYSIS = YES;
				CLANG_WARN_STRICT_PROTOTYPES = YES;
				CLANG_WARN_SUSPICIOUS_MOVE = YES;
				CLANG_WARN_UNGUARDED_AVAILABILITY = YES_AGGRESSIVE;
				CLANG_WARN_UNREACHABLE_CODE = YES;
				CLANG_WARN__DUPLICATE_METHOD_MATCH = YES;
				COPY_PHASE_STRIP = NO;
				DEBUG_INFORMATION_FORMAT = "dwarf-with-dsym";
				ENABLE_NS_ASSERTIONS = NO;
				ENABLE_STRICT_OBJC_MSGSEND = YES;
				GCC_C_LANGUAGE_STANDARD = gnu11;
				GCC_NO_COMMON_BLOCKS = YES;
				GCC_WARN_64_TO_32_BIT_CONVERSION = YES;
				GCC_WARN_ABOUT_RETURN_TYPE = YES_ERROR;
				GCC_WARN_UNDECLARED_SELECTOR = YES;
				GCC_WARN_UNINITIALIZED_AUTOS = YES_AGGRESSIVE;
				GCC_WARN_UNUSED_FUNCTION = YES;
				GCC_WARN_UNUSED_VARIABLE = YES;
				MACOSX_DEPLOYMENT_TARGET = 11.3;
				MTL_ENABLE_DEBUG_INFO = NO;
				MTL_FAST_MATH = YES;
				SDKROOT = macosx;
				SWIFT_COMPILATION_MODE = wholemodule;
				SWIFT_OPTIMIZATION_LEVEL = "-O";
			};
			name = Release;
		};
		575373FE26416BA200FFAAEF /* Debug */ = {
			isa = XCBuildConfiguration;
			buildSettings = {
				CODE_SIGN_STYLE = Automatic;
				DEVELOPMENT_TEAM = C56BCY6PTD;
				ENABLE_HARDENED_RUNTIME = YES;
				PRODUCT_NAME = "$(TARGET_NAME)";
				SWIFT_VERSION = 5.0;
			};
			name = Debug;
		};
		575373FF26416BA200FFAAEF /* Release */ = {
			isa = XCBuildConfiguration;
			buildSettings = {
				CODE_SIGN_STYLE = Automatic;
				DEVELOPMENT_TEAM = C56BCY6PTD;
				ENABLE_HARDENED_RUNTIME = YES;
				PRODUCT_NAME = "$(TARGET_NAME)";
				SWIFT_VERSION = 5.0;
			};
			name = Release;
		};
/* End XCBuildConfiguration section */

/* Begin XCConfigurationList section */
		575373F126416BA200FFAAEF /* Build configuration list for PBXProject "P3POO" */ = {
			isa = XCConfigurationList;
			buildConfigurations = (
				575373FB26416BA200FFAAEF /* Debug */,
				575373FC26416BA200FFAAEF /* Release */,
			);
			defaultConfigurationIsVisible = 0;
			defaultConfigurationName = Release;
		};
		575373FD26416BA200FFAAEF /* Build configuration list for PBXNativeTarget "P3POO" */ = {
			isa = XCConfigurationList;
			buildConfigurations = (
				575373FE26416BA200FFAAEF /* Debug */,
				575373FF26416BA200FFAAEF /* Release */,
			);
			defaultConfigurationIsVisible = 0;
			defaultConfigurationName = Release;
		};
/* End XCConfigurationList section */
	};
	rootObject = 575373EE26416BA200FFAAEF /* Project object */;
}
